
Microsoft Visual Studio Solution File, Format Version 12.00
# Visual Studio Version 17
VisualStudioVersion = 17.14.36408.4
MinimumVisualStudioVersion = 10.0.40219.1
Project("{FAE04EC0-301F-11D3-BF4B-00C04F79EFBC}") = "SonosRemote", "SonosRemote\SonosRemote.csproj", "{33DB2C4B-2FA6-4F53-BC12-11DC5AF4093F}"
EndProject
Project("{FAE04EC0-301F-11D3-BF4B-00C04F79EFBC}") = "SonosRemote.Core", "SonosRemote.Core\SonosRemote.Core.csproj", "{1E07DE9C-6121-450E-A5EA-6584B10B54CB}"
EndProject
Project("{FAE04EC0-301F-11D3-BF4B-00C04F79EFBC}") = "M5StackUnitScroll", "M5StackUnitScroll\M5StackUnitScroll.csproj", "{AE4B0ADC-F7D9-4849-AD3A-4270915902F2}"
EndProject
Project("{2150E333-8FDC-42A3-9474-1A3956D46DE8}") = "lib", "lib", "{02EA681E-C7D8-13C7-8484-4AC65E1B71E8}"
EndProject
Project("{FAE04EC0-301F-11D3-BF4B-00C04F79EFBC}") = "ByteDev.Sonos", "..\lib\ByteDev.Sonos\ByteDev.Sonos.csproj", "{63913FD4-C0D8-0D58-C64D-123B4A6A075C}"
EndProject
Project("{FAE04EC0-301F-11D3-BF4B-00C04F79EFBC}") = "ByteDev.Sonos.Upnp", "..\lib\ByteDev.Sonos.Upnp\ByteDev.Sonos.Upnp.csproj", "{A7605FE1-9DB9-048B-FB5A-005F4B3ECF52}"
EndProject
Global
	GlobalSection(SolutionConfigurationPlatforms) = preSolution
		Debug|Any CPU = Debug|Any CPU
		Release|Any CPU = Release|Any CPU
	EndGlobalSection
	GlobalSection(ProjectConfigurationPlatforms) = postSolution
		{33DB2C4B-2FA6-4F53-BC12-11DC5AF4093F}.Debug|Any CPU.ActiveCfg = Debug|Any CPU
		{33DB2C4B-2FA6-4F53-BC12-11DC5AF4093F}.Debug|Any CPU.Build.0 = Debug|Any CPU
		{33DB2C4B-2FA6-4F53-BC12-11DC5AF4093F}.Release|Any CPU.ActiveCfg = Release|Any CPU
		{33DB2C4B-2FA6-4F53-BC12-11DC5AF4093F}.Release|Any CPU.Build.0 = Release|Any CPU
		{1E07DE9C-6121-450E-A5EA-6584B10B54CB}.Debug|Any CPU.ActiveCfg = Debug|Any CPU
		{1E07DE9C-6121-450E-A5EA-6584B10B54CB}.Debug|Any CPU.Build.0 = Debug|Any CPU
		{1E07DE9C-6121-450E-A5EA-6584B10B54CB}.Release|Any CPU.ActiveCfg = Release|Any CPU
		{1E07DE9C-6121-450E-A5EA-6584B10B54CB}.Release|Any CPU.Build.0 = Release|Any CPU
		{AE4B0ADC-F7D9-4849-AD3A-4270915902F2}.Debug|Any CPU.ActiveCfg = Debug|Any CPU
		{AE4B0ADC-F7D9-4849-AD3A-4270915902F2}.Debug|Any CPU.Build.0 = Debug|Any CPU
		{AE4B0ADC-F7D9-4849-AD3A-4270915902F2}.Release|Any CPU.ActiveCfg = Release|Any CPU
		{AE4B0ADC-F7D9-4849-AD3A-4270915902F2}.Release|Any CPU.Build.0 = Release|Any CPU
		{63913FD4-C0D8-0D58-C64D-123B4A6A075C}.Debug|Any CPU.ActiveCfg = Debug|Any CPU
		{63913FD4-C0D8-0D58-C64D-123B4A6A075C}.Debug|Any CPU.Build.0 = Debug|Any CPU
		{63913FD4-C0D8-0D58-C64D-123B4A6A075C}.Release|Any CPU.ActiveCfg = Release|Any CPU
		{63913FD4-C0D8-0D58-C64D-123B4A6A075C}.Release|Any CPU.Build.0 = Release|Any CPU
		{A7605FE1-9DB9-048B-FB5A-005F4B3ECF52}.Debug|Any CPU.ActiveCfg = Debug|Any CPU
		{A7605FE1-9DB9-048B-FB5A-005F4B3ECF52}.Debug|Any CPU.Build.0 = Debug|Any CPU
		{A7605FE1-9DB9-048B-FB5A-005F4B3ECF52}.Release|Any CPU.ActiveCfg = Release|Any CPU
		{A7605FE1-9DB9-048B-FB5A-005F4B3ECF52}.Release|Any CPU.Build.0 = Release|Any CPU
	EndGlobalSection
	GlobalSection(SolutionProperties) = preSolution
		HideSolutionNode = FALSE
	EndGlobalSection
	GlobalSection(NestedProjects) = preSolution
		{63913FD4-C0D8-0D58-C64D-123B4A6A075C} = {02EA681E-C7D8-13C7-8484-4AC65E1B71E8}
		{A7605FE1-9DB9-048B-FB5A-005F4B3ECF52} = {02EA681E-C7D8-13C7-8484-4AC65E1B71E8}
	EndGlobalSection
	GlobalSection(ExtensibilityGlobals) = postSolution
		SolutionGuid = {75AA5C72-25E5-4468-9003-1D3D22A7E0C4}
	EndGlobalSection
EndGlobal
